
Microsoft Visual Studio Solution File, Format Version 12.00
# Visual Studio 15
VisualStudioVersion = 15.0.27130.2027
MinimumVisualStudioVersion = 10.0.40219.1
Project("{FAE04EC0-301F-11D3-BF4B-00C04F79EFBC}") = "Araba", "Araba\Araba.csproj", "{89FB8025-28A3-4ABA-B6C0-40BE5E230DF0}"
EndProject
Global
	GlobalSection(SolutionConfigurationPlatforms) = preSolution
		Debug|Any CPU = Debug|Any CPU
		Release|Any CPU = Release|Any CPU
	EndGlobalSection
	GlobalSection(ProjectConfigurationPlatforms) = postSolution
		{89FB8025-28A3-4ABA-B6C0-40BE5E230DF0}.Debug|Any CPU.ActiveCfg = Debug|Any CPU
		{89FB8025-28A3-4ABA-B6C0-40BE5E230DF0}.Debug|Any CPU.Build.0 = Debug|Any CPU
		{89FB8025-28A3-4ABA-B6C0-40BE5E230DF0}.Release|Any CPU.ActiveCfg = Release|Any CPU
		{89FB8025-28A3-4ABA-B6C0-40BE5E230DF0}.Release|Any CPU.Build.0 = Release|Any CPU
	EndGlobalSection
	GlobalSection(SolutionProperties) = preSolution
		HideSolutionNode = FALSE
	EndGlobalSection
	GlobalSection(ExtensibilityGlobals) = postSolution
		SolutionGuid = {4360F786-28F2-4463-8FD9-F815186C162B}
	EndGlobalSection
EndGlobal
