
Microsoft Visual Studio Solution File, Format Version 12.00
# Visual Studio Version 16
VisualStudioVersion = 16.0.29409.12
MinimumVisualStudioVersion = 10.0.40219.1
Project("{FAE04EC0-301F-11D3-BF4B-00C04F79EFBC}") = "StationShowApplication", "StationShowApplication.csproj", "{935B9E70-4D65-466D-83F5-E5AA01E67758}"
EndProject
Global
	GlobalSection(SolutionConfigurationPlatforms) = preSolution
		Debug|Any CPU = Debug|Any CPU
		Release|Any CPU = Release|Any CPU
	EndGlobalSection
	GlobalSection(ProjectConfigurationPlatforms) = postSolution
		{935B9E70-4D65-466D-83F5-E5AA01E67758}.Debug|Any CPU.ActiveCfg = Debug|Any CPU
		{935B9E70-4D65-466D-83F5-E5AA01E67758}.Debug|Any CPU.Build.0 = Debug|Any CPU
		{935B9E70-4D65-466D-83F5-E5AA01E67758}.Release|Any CPU.ActiveCfg = Release|Any CPU
		{935B9E70-4D65-466D-83F5-E5AA01E67758}.Release|Any CPU.Build.0 = Release|Any CPU
	EndGlobalSection
	GlobalSection(SolutionProperties) = preSolution
		HideSolutionNode = FALSE
	EndGlobalSection
	GlobalSection(ExtensibilityGlobals) = postSolution
		SolutionGuid = {4AE8C7BB-14DA-4A3D-A65C-9934BE2D8E82}
	EndGlobalSection
EndGlobal
